// !$*UTF8*$!
{
	archiveVersion = 1;
	classes = {
	};
	objectVersion = 56;
	objects = {

/* Begin PBXBuildFile section */
		7707083529F6C26D00444AF7 /* Habit.swift in Sources */ = {isa = PBXBuildFile; fileRef = 7707083429F6C26D00444AF7 /* Habit.swift */; };
		7707083729F6C42600444AF7 /* TableViewController.swift in Sources */ = {isa = PBXBuildFile; fileRef = 7707083629F6C42600444AF7 /* TableViewController.swift */; };
		7707083929F6C86700444AF7 /* AddHabitViewController.swift in Sources */ = {isa = PBXBuildFile; fileRef = 7707083829F6C86700444AF7 /* AddHabitViewController.swift */; };
		772B96C829F2D4C9005D885B /* AppDelegate.swift in Sources */ = {isa = PBXBuildFile; fileRef = 772B96C729F2D4C9005D885B /* AppDelegate.swift */; };
		772B96CA29F2D4C9005D885B /* SceneDelegate.swift in Sources */ = {isa = PBXBuildFile; fileRef = 772B96C929F2D4C9005D885B /* SceneDelegate.swift */; };
		772B96CC29F2D4C9005D885B /* ViewController.swift in Sources */ = {isa = PBXBuildFile; fileRef = 772B96CB29F2D4C9005D885B /* ViewController.swift */; };
		772B96CF29F2D4C9005D885B /* Main.storyboard in Resources */ = {isa = PBXBuildFile; fileRef = 772B96CD29F2D4C9005D885B /* Main.storyboard */; };
		772B96D129F2D4CC005D885B /* Assets.xcassets in Resources */ = {isa = PBXBuildFile; fileRef = 772B96D029F2D4CC005D885B /* Assets.xcassets */; };
		772B96D429F2D4CC005D885B /* LaunchScreen.storyboard in Resources */ = {isa = PBXBuildFile; fileRef = 772B96D229F2D4CC005D885B /* LaunchScreen.storyboard */; };
		772B96DF29F2D4CD005D885B /* HabitTrackerTests.swift in Sources */ = {isa = PBXBuildFile; fileRef = 772B96DE29F2D4CD005D885B /* HabitTrackerTests.swift */; };
		772B96E929F2D4CD005D885B /* HabitTrackerUITests.swift in Sources */ = {isa = PBXBuildFile; fileRef = 772B96E829F2D4CD005D885B /* HabitTrackerUITests.swift */; };
		772B96EB29F2D4CD005D885B /* HabitTrackerUITestsLaunchTests.swift in Sources */ = {isa = PBXBuildFile; fileRef = 772B96EA29F2D4CD005D885B /* HabitTrackerUITestsLaunchTests.swift */; };
/* End PBXBuildFile section */

/* Begin PBXContainerItemProxy section */
		772B96DB29F2D4CD005D885B /* PBXContainerItemProxy */ = {
			isa = PBXContainerItemProxy;
			containerPortal = 772B96BC29F2D4C9005D885B /* Project object */;
			proxyType = 1;
			remoteGlobalIDString = 772B96C329F2D4C9005D885B;
			remoteInfo = HabitTracker;
		};
		772B96E529F2D4CD005D885B /* PBXContainerItemProxy */ = {
			isa = PBXContainerItemProxy;
			containerPortal = 772B96BC29F2D4C9005D885B /* Project object */;
			proxyType = 1;
			remoteGlobalIDString = 772B96C329F2D4C9005D885B;
			remoteInfo = HabitTracker;
		};
/* End PBXContainerItemProxy section */

/* Begin PBXFileReference section */
		7707083429F6C26D00444AF7 /* Habit.swift */ = {isa = PBXFileReference; lastKnownFileType = sourcecode.swift; path = Habit.swift; sourceTree = "<group>"; };
		7707083629F6C42600444AF7 /* TableViewController.swift */ = {isa = PBXFileReference; lastKnownFileType = sourcecode.swift; path = TableViewController.swift; sourceTree = "<group>"; };
		7707083829F6C86700444AF7 /* AddHabitViewController.swift */ = {isa = PBXFileReference; lastKnownFileType = sourcecode.swift; path = AddHabitViewController.swift; sourceTree = "<group>"; };
		772B96C429F2D4C9005D885B /* HabitTracker.app */ = {isa = PBXFileReference; explicitFileType = wrapper.application; includeInIndex = 0; path = HabitTracker.app; sourceTree = BUILT_PRODUCTS_DIR; };
		772B96C729F2D4C9005D885B /* AppDelegate.swift */ = {isa = PBXFileReference; lastKnownFileType = sourcecode.swift; path = AppDelegate.swift; sourceTree = "<group>"; };
		772B96C929F2D4C9005D885B /* SceneDelegate.swift */ = {isa = PBXFileReference; lastKnownFileType = sourcecode.swift; path = SceneDelegate.swift; sourceTree = "<group>"; };
		772B96CB29F2D4C9005D885B /* ViewController.swift */ = {isa = PBXFileReference; lastKnownFileType = sourcecode.swift; path = ViewController.swift; sourceTree = "<group>"; };
		772B96CE29F2D4C9005D885B /* Base */ = {isa = PBXFileReference; lastKnownFileType = file.storyboard; name = Base; path = Base.lproj/Main.storyboard; sourceTree = "<group>"; };
		772B96D029F2D4CC005D885B /* Assets.xcassets */ = {isa = PBXFileReference; lastKnownFileType = folder.assetcatalog; path = Assets.xcassets; sourceTree = "<group>"; };
		772B96D329F2D4CC005D885B /* Base */ = {isa = PBXFileReference; lastKnownFileType = file.storyboard; name = Base; path = Base.lproj/LaunchScreen.storyboard; sourceTree = "<group>"; };
		772B96D529F2D4CC005D885B /* Info.plist */ = {isa = PBXFileReference; lastKnownFileType = text.plist.xml; path = Info.plist; sourceTree = "<group>"; };
		772B96DA29F2D4CC005D885B /* HabitTrackerTests.xctest */ = {isa = PBXFileReference; explicitFileType = wrapper.cfbundle; includeInIndex = 0; path = HabitTrackerTests.xctest; sourceTree = BUILT_PRODUCTS_DIR; };
		772B96DE29F2D4CD005D885B /* HabitTrackerTests.swift */ = {isa = PBXFileReference; lastKnownFileType = sourcecode.swift; path = HabitTrackerTests.swift; sourceTree = "<group>"; };
		772B96E429F2D4CD005D885B /* HabitTrackerUITests.xctest */ = {isa = PBXFileReference; explicitFileType = wrapper.cfbundle; includeInIndex = 0; path = HabitTrackerUITests.xctest; sourceTree = BUILT_PRODUCTS_DIR; };
		772B96E829F2D4CD005D885B /* HabitTrackerUITests.swift */ = {isa = PBXFileReference; lastKnownFileType = sourcecode.swift; path = HabitTrackerUITests.swift; sourceTree = "<group>"; };
		772B96EA29F2D4CD005D885B /* HabitTrackerUITestsLaunchTests.swift */ = {isa = PBXFileReference; lastKnownFileType = sourcecode.swift; path = HabitTrackerUITestsLaunchTests.swift; sourceTree = "<group>"; };
/* End PBXFileReference section */

/* Begin PBXFrameworksBuildPhase section */
		772B96C129F2D4C9005D885B /* Frameworks */ = {
			isa = PBXFrameworksBuildPhase;
			buildActionMask = 2147483647;
			files = (
			);
			runOnlyForDeploymentPostprocessing = 0;
		};
		772B96D729F2D4CC005D885B /* Frameworks */ = {
			isa = PBXFrameworksBuildPhase;
			buildActionMask = 2147483647;
			files = (
			);
			runOnlyForDeploymentPostprocessing = 0;
		};
		772B96E129F2D4CD005D885B /* Frameworks */ = {
			isa = PBXFrameworksBuildPhase;
			buildActionMask = 2147483647;
			files = (
			);
			runOnlyForDeploymentPostprocessing = 0;
		};
/* End PBXFrameworksBuildPhase section */

/* Begin PBXGroup section */
		772B96BB29F2D4C9005D885B = {
			isa = PBXGroup;
			children = (
				772B96C629F2D4C9005D885B /* HabitTracker */,
				772B96DD29F2D4CD005D885B /* HabitTrackerTests */,
				772B96E729F2D4CD005D885B /* HabitTrackerUITests */,
				772B96C529F2D4C9005D885B /* Products */,
			);
			sourceTree = "<group>";
		};
		772B96C529F2D4C9005D885B /* Products */ = {
			isa = PBXGroup;
			children = (
				772B96C429F2D4C9005D885B /* HabitTracker.app */,
				772B96DA29F2D4CC005D885B /* HabitTrackerTests.xctest */,
				772B96E429F2D4CD005D885B /* HabitTrackerUITests.xctest */,
			);
			name = Products;
			sourceTree = "<group>";
		};
		772B96C629F2D4C9005D885B /* HabitTracker */ = {
			isa = PBXGroup;
			children = (
				772B96C729F2D4C9005D885B /* AppDelegate.swift */,
				772B96C929F2D4C9005D885B /* SceneDelegate.swift */,
				772B96CB29F2D4C9005D885B /* ViewController.swift */,
				7707083429F6C26D00444AF7 /* Habit.swift */,
				772B96CD29F2D4C9005D885B /* Main.storyboard */,
				7707083829F6C86700444AF7 /* AddHabitViewController.swift */,
				7707083629F6C42600444AF7 /* TableViewController.swift */,
				772B96D029F2D4CC005D885B /* Assets.xcassets */,
				772B96D229F2D4CC005D885B /* LaunchScreen.storyboard */,
				772B96D529F2D4CC005D885B /* Info.plist */,
			);
			path = HabitTracker;
			sourceTree = "<group>";
		};
		772B96DD29F2D4CD005D885B /* HabitTrackerTests */ = {
			isa = PBXGroup;
			children = (
				772B96DE29F2D4CD005D885B /* HabitTrackerTests.swift */,
			);
			path = HabitTrackerTests;
			sourceTree = "<group>";
		};
		772B96E729F2D4CD005D885B /* HabitTrackerUITests */ = {
			isa = PBXGroup;
			children = (
				772B96E829F2D4CD005D885B /* HabitTrackerUITests.swift */,
				772B96EA29F2D4CD005D885B /* HabitTrackerUITestsLaunchTests.swift */,
			);
			path = HabitTrackerUITests;
			sourceTree = "<group>";
		};
/* End PBXGroup section */

/* Begin PBXNativeTarget section */
		772B96C329F2D4C9005D885B /* HabitTracker */ = {
			isa = PBXNativeTarget;
			buildConfigurationList = 772B96EE29F2D4CD005D885B /* Build configuration list for PBXNativeTarget "HabitTracker" */;
			buildPhases = (
				772B96C029F2D4C9005D885B /* Sources */,
				772B96C129F2D4C9005D885B /* Frameworks */,
				772B96C229F2D4C9005D885B /* Resources */,
			);
			buildRules = (
			);
			dependencies = (
			);
			name = HabitTracker;
			productName = HabitTracker;
			productReference = 772B96C429F2D4C9005D885B /* HabitTracker.app */;
			productType = "com.apple.product-type.application";
		};
		772B96D929F2D4CC005D885B /* HabitTrackerTests */ = {
			isa = PBXNativeTarget;
			buildConfigurationList = 772B96F129F2D4CD005D885B /* Build configuration list for PBXNativeTarget "HabitTrackerTests" */;
			buildPhases = (
				772B96D629F2D4CC005D885B /* Sources */,
				772B96D729F2D4CC005D885B /* Frameworks */,
				772B96D829F2D4CC005D885B /* Resources */,
			);
			buildRules = (
			);
			dependencies = (
				772B96DC29F2D4CD005D885B /* PBXTargetDependency */,
			);
			name = HabitTrackerTests;
			productName = HabitTrackerTests;
			productReference = 772B96DA29F2D4CC005D885B /* HabitTrackerTests.xctest */;
			productType = "com.apple.product-type.bundle.unit-test";
		};
		772B96E329F2D4CD005D885B /* HabitTrackerUITests */ = {
			isa = PBXNativeTarget;
			buildConfigurationList = 772B96F429F2D4CD005D885B /* Build configuration list for PBXNativeTarget "HabitTrackerUITests" */;
			buildPhases = (
				772B96E029F2D4CD005D885B /* Sources */,
				772B96E129F2D4CD005D885B /* Frameworks */,
				772B96E229F2D4CD005D885B /* Resources */,
			);
			buildRules = (
			);
			dependencies = (
				772B96E629F2D4CD005D885B /* PBXTargetDependency */,
			);
			name = HabitTrackerUITests;
			productName = HabitTrackerUITests;
			productReference = 772B96E429F2D4CD005D885B /* HabitTrackerUITests.xctest */;
			productType = "com.apple.product-type.bundle.ui-testing";
		};
/* End PBXNativeTarget section */

/* Begin PBXProject section */
		772B96BC29F2D4C9005D885B /* Project object */ = {
			isa = PBXProject;
			attributes = {
				BuildIndependentTargetsInParallel = 1;
				LastSwiftUpdateCheck = 1420;
				LastUpgradeCheck = 1420;
				TargetAttributes = {
					772B96C329F2D4C9005D885B = {
						CreatedOnToolsVersion = 14.2;
					};
					772B96D929F2D4CC005D885B = {
						CreatedOnToolsVersion = 14.2;
						TestTargetID = 772B96C329F2D4C9005D885B;
					};
					772B96E329F2D4CD005D885B = {
						CreatedOnToolsVersion = 14.2;
						TestTargetID = 772B96C329F2D4C9005D885B;
					};
				};
			};
			buildConfigurationList = 772B96BF29F2D4C9005D885B /* Build configuration list for PBXProject "HabitTracker" */;
			compatibilityVersion = "Xcode 14.0";
			developmentRegion = en;
			hasScannedForEncodings = 0;
			knownRegions = (
				en,
				Base,
			);
			mainGroup = 772B96BB29F2D4C9005D885B;
			productRefGroup = 772B96C529F2D4C9005D885B /* Products */;
			projectDirPath = "";
			projectRoot = "";
			targets = (
				772B96C329F2D4C9005D885B /* HabitTracker */,
				772B96D929F2D4CC005D885B /* HabitTrackerTests */,
				772B96E329F2D4CD005D885B /* HabitTrackerUITests */,
			);
		};
/* End PBXProject section */

/* Begin PBXResourcesBuildPhase section */
		772B96C229F2D4C9005D885B /* Resources */ = {
			isa = PBXResourcesBuildPhase;
			buildActionMask = 2147483647;
			files = (
				772B96D429F2D4CC005D885B /* LaunchScreen.storyboard in Resources */,
				772B96D129F2D4CC005D885B /* Assets.xcassets in Resources */,
				772B96CF29F2D4C9005D885B /* Main.storyboard in Resources */,
			);
			runOnlyForDeploymentPostprocessing = 0;
		};
		772B96D829F2D4CC005D885B /* Resources */ = {
			isa = PBXResourcesBuildPhase;
			buildActionMask = 2147483647;
			files = (
			);
			runOnlyForDeploymentPostprocessing = 0;
		};
		772B96E229F2D4CD005D885B /* Resources */ = {
			isa = PBXResourcesBuildPhase;
			buildActionMask = 2147483647;
			files = (
			);
			runOnlyForDeploymentPostprocessing = 0;
		};
/* End PBXResourcesBuildPhase section */

/* Begin PBXSourcesBuildPhase section */
		772B96C029F2D4C9005D885B /* Sources */ = {
			isa = PBXSourcesBuildPhase;
			buildActionMask = 2147483647;
			files = (
				772B96CC29F2D4C9005D885B /* ViewController.swift in Sources */,
				7707083929F6C86700444AF7 /* AddHabitViewController.swift in Sources */,
				772B96C829F2D4C9005D885B /* AppDelegate.swift in Sources */,
				7707083529F6C26D00444AF7 /* Habit.swift in Sources */,
				7707083729F6C42600444AF7 /* TableViewController.swift in Sources */,
				772B96CA29F2D4C9005D885B /* SceneDelegate.swift in Sources */,
			);
			runOnlyForDeploymentPostprocessing = 0;
		};
		772B96D629F2D4CC005D885B /* Sources */ = {
			isa = PBXSourcesBuildPhase;
			buildActionMask = 2147483647;
			files = (
				772B96DF29F2D4CD005D885B /* HabitTrackerTests.swift in Sources */,
			);
			runOnlyForDeploymentPostprocessing = 0;
		};
		772B96E029F2D4CD005D885B /* Sources */ = {
			isa = PBXSourcesBuildPhase;
			buildActionMask = 2147483647;
			files = (
				772B96EB29F2D4CD005D885B /* HabitTrackerUITestsLaunchTests.swift in Sources */,
				772B96E929F2D4CD005D885B /* HabitTrackerUITests.swift in Sources */,
			);
			runOnlyForDeploymentPostprocessing = 0;
		};
/* End PBXSourcesBuildPhase section */

/* Begin PBXTargetDependency section */
		772B96DC29F2D4CD005D885B /* PBXTargetDependency */ = {
			isa = PBXTargetDependency;
			target = 772B96C329F2D4C9005D885B /* HabitTracker */;
			targetProxy = 772B96DB29F2D4CD005D885B /* PBXContainerItemProxy */;
		};
		772B96E629F2D4CD005D885B /* PBXTargetDependency */ = {
			isa = PBXTargetDependency;
			target = 772B96C329F2D4C9005D885B /* HabitTracker */;
			targetProxy = 772B96E529F2D4CD005D885B /* PBXContainerItemProxy */;
		};
/* End PBXTargetDependency section */

/* Begin PBXVariantGroup section */
		772B96CD29F2D4C9005D885B /* Main.storyboard */ = {
			isa = PBXVariantGroup;
			children = (
				772B96CE29F2D4C9005D885B /* Base */,
			);
			name = Main.storyboard;
			sourceTree = "<group>";
		};
		772B96D229F2D4CC005D885B /* LaunchScreen.storyboard */ = {
			isa = PBXVariantGroup;
			children = (
				772B96D329F2D4CC005D885B /* Base */,
			);
			name = LaunchScreen.storyboard;
			sourceTree = "<group>";
		};
/* End PBXVariantGroup section */

/* Begin XCBuildConfiguration section */
		772B96EC29F2D4CD005D885B /* Debug */ = {
			isa = XCBuildConfiguration;
			buildSettings = {
				ALWAYS_SEARCH_USER_PATHS = NO;
				CLANG_ANALYZER_NONNULL = YES;
				CLANG_ANALYZER_NUMBER_OBJECT_CONVERSION = YES_AGGRESSIVE;
				CLANG_CXX_LANGUAGE_STANDARD = "gnu++20";
				CLANG_ENABLE_MODULES = YES;
				CLANG_ENABLE_OBJC_ARC = YES;
				CLANG_ENABLE_OBJC_WEAK = YES;
				CLANG_WARN_BLOCK_CAPTURE_AUTORELEASING = YES;
				CLANG_WARN_BOOL_CONVERSION = YES;
				CLANG_WARN_COMMA = YES;
				CLANG_WARN_CONSTANT_CONVERSION = YES;
				CLANG_WARN_DEPRECATED_OBJC_IMPLEMENTATIONS = YES;
				CLANG_WARN_DIRECT_OBJC_ISA_USAGE = YES_ERROR;
				CLANG_WARN_DOCUMENTATION_COMMENTS = YES;
				CLANG_WARN_EMPTY_BODY = YES;
				CLANG_WARN_ENUM_CONVERSION = YES;
				CLANG_WARN_INFINITE_RECURSION = YES;
				CLANG_WARN_INT_CONVERSION = YES;
				CLANG_WARN_NON_LITERAL_NULL_CONVERSION = YES;
				CLANG_WARN_OBJC_IMPLICIT_RETAIN_SELF = YES;
				CLANG_WARN_OBJC_LITERAL_CONVERSION = YES;
				CLANG_WARN_OBJC_ROOT_CLASS = YES_ERROR;
				CLANG_WARN_QUOTED_INCLUDE_IN_FRAMEWORK_HEADER = YES;
				CLANG_WARN_RANGE_LOOP_ANALYSIS = YES;
				CLANG_WARN_STRICT_PROTOTYPES = YES;
				CLANG_WARN_SUSPICIOUS_MOVE = YES;
				CLANG_WARN_UNGUARDED_AVAILABILITY = YES_AGGRESSIVE;
				CLANG_WARN_UNREACHABLE_CODE = YES;
				CLANG_WARN__DUPLICATE_METHOD_MATCH = YES;
				COPY_PHASE_STRIP = NO;
				DEBUG_INFORMATION_FORMAT = dwarf;
				ENABLE_STRICT_OBJC_MSGSEND = YES;
				ENABLE_TESTABILITY = YES;
				GCC_C_LANGUAGE_STANDARD = gnu11;
				GCC_DYNAMIC_NO_PIC = NO;
				GCC_NO_COMMON_BLOCKS = YES;
				GCC_OPTIMIZATION_LEVEL = 0;
				GCC_PREPROCESSOR_DEFINITIONS = (
					"DEBUG=1",
					"$(inherited)",
				);
				GCC_WARN_64_TO_32_BIT_CONVERSION = YES;
				GCC_WARN_ABOUT_RETURN_TYPE = YES_ERROR;
				GCC_WARN_UNDECLARED_SELECTOR = YES;
				GCC_WARN_UNINITIALIZED_AUTOS = YES_AGGRESSIVE;
				GCC_WARN_UNUSED_FUNCTION = YES;
				GCC_WARN_UNUSED_VARIABLE = YES;
				IPHONEOS_DEPLOYMENT_TARGET = 16.2;
				MTL_ENABLE_DEBUG_INFO = INCLUDE_SOURCE;
				MTL_FAST_MATH = YES;
				ONLY_ACTIVE_ARCH = YES;
				SDKROOT = iphoneos;
				SWIFT_ACTIVE_COMPILATION_CONDITIONS = DEBUG;
				SWIFT_OPTIMIZATION_LEVEL = "-Onone";
			};
			name = Debug;
		};
		772B96ED29F2D4CD005D885B /* Release */ = {
			isa = XCBuildConfiguration;
			buildSettings = {
				ALWAYS_SEARCH_USER_PATHS = NO;
				CLANG_ANALYZER_NONNULL = YES;
				CLANG_ANALYZER_NUMBER_OBJECT_CONVERSION = YES_AGGRESSIVE;
				CLANG_CXX_LANGUAGE_STANDARD = "gnu++20";
				CLANG_ENABLE_MODULES = YES;
				CLANG_ENABLE_OBJC_ARC = YES;
				CLANG_ENABLE_OBJC_WEAK = YES;
				CLANG_WARN_BLOCK_CAPTURE_AUTORELEASING = YES;
				CLANG_WARN_BOOL_CONVERSION = YES;
				CLANG_WARN_COMMA = YES;
				CLANG_WARN_CONSTANT_CONVERSION = YES;
				CLANG_WARN_DEPRECATED_OBJC_IMPLEMENTATIONS = YES;
				CLANG_WARN_DIRECT_OBJC_ISA_USAGE = YES_ERROR;
				CLANG_WARN_DOCUMENTATION_COMMENTS = YES;
				CLANG_WARN_EMPTY_BODY = YES;
				CLANG_WARN_ENUM_CONVERSION = YES;
				CLANG_WARN_INFINITE_RECURSION = YES;
				CLANG_WARN_INT_CONVERSION = YES;
				CLANG_WARN_NON_LITERAL_NULL_CONVERSION = YES;
				CLANG_WARN_OBJC_IMPLICIT_RETAIN_SELF = YES;
				CLANG_WARN_OBJC_LITERAL_CONVERSION = YES;
				CLANG_WARN_OBJC_ROOT_CLASS = YES_ERROR;
				CLANG_WARN_QUOTED_INCLUDE_IN_FRAMEWORK_HEADER = YES;
				CLANG_WARN_RANGE_LOOP_ANALYSIS = YES;
				CLANG_WARN_STRICT_PROTOTYPES = YES;
				CLANG_WARN_SUSPICIOUS_MOVE = YES;
				CLANG_WARN_UNGUARDED_AVAILABILITY = YES_AGGRESSIVE;
				CLANG_WARN_UNREACHABLE_CODE = YES;
				CLANG_WARN__DUPLICATE_METHOD_MATCH = YES;
				COPY_PHASE_STRIP = NO;
				DEBUG_INFORMATION_FORMAT = "dwarf-with-dsym";
				ENABLE_NS_ASSERTIONS = NO;
				ENABLE_STRICT_OBJC_MSGSEND = YES;
				GCC_C_LANGUAGE_STANDARD = gnu11;
				GCC_NO_COMMON_BLOCKS = YES;
				GCC_WARN_64_TO_32_BIT_CONVERSION = YES;
				GCC_WARN_ABOUT_RETURN_TYPE = YES_ERROR;
				GCC_WARN_UNDECLARED_SELECTOR = YES;
				GCC_WARN_UNINITIALIZED_AUTOS = YES_AGGRESSIVE;
				GCC_WARN_UNUSED_FUNCTION = YES;
				GCC_WARN_UNUSED_VARIABLE = YES;
				IPHONEOS_DEPLOYMENT_TARGET = 16.2;
				MTL_ENABLE_DEBUG_INFO = NO;
				MTL_FAST_MATH = YES;
				SDKROOT = iphoneos;
				SWIFT_COMPILATION_MODE = wholemodule;
				SWIFT_OPTIMIZATION_LEVEL = "-O";
				VALIDATE_PRODUCT = YES;
			};
			name = Release;
		};
		772B96EF29F2D4CD005D885B /* Debug */ = {
			isa = XCBuildConfiguration;
			buildSettings = {
				ASSETCATALOG_COMPILER_APPICON_NAME = AppIcon;
				ASSETCATALOG_COMPILER_GLOBAL_ACCENT_COLOR_NAME = AccentColor;
				CODE_SIGN_STYLE = Automatic;
				CURRENT_PROJECT_VERSION = 1;
				GENERATE_INFOPLIST_FILE = YES;
				INFOPLIST_FILE = HabitTracker/Info.plist;
				INFOPLIST_KEY_UIApplicationSupportsIndirectInputEvents = YES;
				INFOPLIST_KEY_UILaunchStoryboardName = LaunchScreen;
				INFOPLIST_KEY_UIMainStoryboardFile = Main;
				INFOPLIST_KEY_UISupportedInterfaceOrientations_iPad = "UIInterfaceOrientationPortrait UIInterfaceOrientationPortraitUpsideDown UIInterfaceOrientationLandscapeLeft UIInterfaceOrientationLandscapeRight";
				INFOPLIST_KEY_UISupportedInterfaceOrientations_iPhone = "UIInterfaceOrientationPortrait UIInterfaceOrientationLandscapeLeft UIInterfaceOrientationLandscapeRight";
				LD_RUNPATH_SEARCH_PATHS = (
					"$(inherited)",
					"@executable_path/Frameworks",
				);
				MARKETING_VERSION = 1.0;
				PRODUCT_BUNDLE_IDENTIFIER = viktor.HabitTracker;
				PRODUCT_NAME = "$(TARGET_NAME)";
				SWIFT_EMIT_LOC_STRINGS = YES;
				SWIFT_VERSION = 5.0;
				TARGETED_DEVICE_FAMILY = "1,2";
			};
			name = Debug;
		};
		772B96F029F2D4CD005D885B /* Release */ = {
			isa = XCBuildConfiguration;
			buildSettings = {
				ASSETCATALOG_COMPILER_APPICON_NAME = AppIcon;
				ASSETCATALOG_COMPILER_GLOBAL_ACCENT_COLOR_NAME = AccentColor;
				CODE_SIGN_STYLE = Automatic;
				CURRENT_PROJECT_VERSION = 1;
				GENERATE_INFOPLIST_FILE = YES;
				INFOPLIST_FILE = HabitTracker/Info.plist;
				INFOPLIST_KEY_UIApplicationSupportsIndirectInputEvents = YES;
				INFOPLIST_KEY_UILaunchStoryboardName = LaunchScreen;
				INFOPLIST_KEY_UIMainStoryboardFile = Main;
				INFOPLIST_KEY_UISupportedInterfaceOrientations_iPad = "UIInterfaceOrientationPortrait UIInterfaceOrientationPortraitUpsideDown UIInterfaceOrientationLandscapeLeft UIInterfaceOrientationLandscapeRight";
				INFOPLIST_KEY_UISupportedInterfaceOrientations_iPhone = "UIInterfaceOrientationPortrait UIInterfaceOrientationLandscapeLeft UIInterfaceOrientationLandscapeRight";
				LD_RUNPATH_SEARCH_PATHS = (
					"$(inherited)",
					"@executable_path/Frameworks",
				);
				MARKETING_VERSION = 1.0;
				PRODUCT_BUNDLE_IDENTIFIER = viktor.HabitTracker;
				PRODUCT_NAME = "$(TARGET_NAME)";
				SWIFT_EMIT_LOC_STRINGS = YES;
				SWIFT_VERSION = 5.0;
				TARGETED_DEVICE_FAMILY = "1,2";
			};
			name = Release;
		};
		772B96F229F2D4CD005D885B /* Debug */ = {
			isa = XCBuildConfiguration;
			buildSettings = {
				ALWAYS_EMBED_SWIFT_STANDARD_LIBRARIES = YES;
				BUNDLE_LOADER = "$(TEST_HOST)";
				CODE_SIGN_STYLE = Automatic;
				CURRENT_PROJECT_VERSION = 1;
				GENERATE_INFOPLIST_FILE = YES;
				IPHONEOS_DEPLOYMENT_TARGET = 16.2;
				MARKETING_VERSION = 1.0;
				PRODUCT_BUNDLE_IDENTIFIER = viktor.HabitTrackerTests;
				PRODUCT_NAME = "$(TARGET_NAME)";
				SWIFT_EMIT_LOC_STRINGS = NO;
				SWIFT_VERSION = 5.0;
				TARGETED_DEVICE_FAMILY = "1,2";
				TEST_HOST = "$(BUILT_PRODUCTS_DIR)/HabitTracker.app/$(BUNDLE_EXECUTABLE_FOLDER_PATH)/HabitTracker";
			};
			name = Debug;
		};
		772B96F329F2D4CD005D885B /* Release */ = {
			isa = XCBuildConfiguration;
			buildSettings = {
				ALWAYS_EMBED_SWIFT_STANDARD_LIBRARIES = YES;
				BUNDLE_LOADER = "$(TEST_HOST)";
				CODE_SIGN_STYLE = Automatic;
				CURRENT_PROJECT_VERSION = 1;
				GENERATE_INFOPLIST_FILE = YES;
				IPHONEOS_DEPLOYMENT_TARGET = 16.2;
				MARKETING_VERSION = 1.0;
				PRODUCT_BUNDLE_IDENTIFIER = viktor.HabitTrackerTests;
				PRODUCT_NAME = "$(TARGET_NAME)";
				SWIFT_EMIT_LOC_STRINGS = NO;
				SWIFT_VERSION = 5.0;
				TARGETED_DEVICE_FAMILY = "1,2";
				TEST_HOST = "$(BUILT_PRODUCTS_DIR)/HabitTracker.app/$(BUNDLE_EXECUTABLE_FOLDER_PATH)/HabitTracker";
			};
			name = Release;
		};
		772B96F529F2D4CD005D885B /* Debug */ = {
			isa = XCBuildConfiguration;
			buildSettings = {
				ALWAYS_EMBED_SWIFT_STANDARD_LIBRARIES = YES;
				CODE_SIGN_STYLE = Automatic;
				CURRENT_PROJECT_VERSION = 1;
				GENERATE_INFOPLIST_FILE = YES;
				MARKETING_VERSION = 1.0;
				PRODUCT_BUNDLE_IDENTIFIER = viktor.HabitTrackerUITests;
				PRODUCT_NAME = "$(TARGET_NAME)";
				SWIFT_EMIT_LOC_STRINGS = NO;
				SWIFT_VERSION = 5.0;
				TARGETED_DEVICE_FAMILY = "1,2";
				TEST_TARGET_NAME = HabitTracker;
			};
			name = Debug;
		};
		772B96F629F2D4CD005D885B /* Release */ = {
			isa = XCBuildConfiguration;
			buildSettings = {
				ALWAYS_EMBED_SWIFT_STANDARD_LIBRARIES = YES;
				CODE_SIGN_STYLE = Automatic;
				CURRENT_PROJECT_VERSION = 1;
				GENERATE_INFOPLIST_FILE = YES;
				MARKETING_VERSION = 1.0;
				PRODUCT_BUNDLE_IDENTIFIER = viktor.HabitTrackerUITests;
				PRODUCT_NAME = "$(TARGET_NAME)";
				SWIFT_EMIT_LOC_STRINGS = NO;
				SWIFT_VERSION = 5.0;
				TARGETED_DEVICE_FAMILY = "1,2";
				TEST_TARGET_NAME = HabitTracker;
			};
			name = Release;
		};
/* End XCBuildConfiguration section */

/* Begin XCConfigurationList section */
		772B96BF29F2D4C9005D885B /* Build configuration list for PBXProject "HabitTracker" */ = {
			isa = XCConfigurationList;
			buildConfigurations = (
				772B96EC29F2D4CD005D885B /* Debug */,
				772B96ED29F2D4CD005D885B /* Release */,
			);
			defaultConfigurationIsVisible = 0;
			defaultConfigurationName = Release;
		};
		772B96EE29F2D4CD005D885B /* Build configuration list for PBXNativeTarget "HabitTracker" */ = {
			isa = XCConfigurationList;
			buildConfigurations = (
				772B96EF29F2D4CD005D885B /* Debug */,
				772B96F029F2D4CD005D885B /* Release */,
			);
			defaultConfigurationIsVisible = 0;
			defaultConfigurationName = Release;
		};
		772B96F129F2D4CD005D885B /* Build configuration list for PBXNativeTarget "HabitTrackerTests" */ = {
			isa = XCConfigurationList;
			buildConfigurations = (
				772B96F229F2D4CD005D885B /* Debug */,
				772B96F329F2D4CD005D885B /* Release */,
			);
			defaultConfigurationIsVisible = 0;
			defaultConfigurationName = Release;
		};
		772B96F429F2D4CD005D885B /* Build configuration list for PBXNativeTarget "HabitTrackerUITests" */ = {
			isa = XCConfigurationList;
			buildConfigurations = (
				772B96F529F2D4CD005D885B /* Debug */,
				772B96F629F2D4CD005D885B /* Release */,
			);
			defaultConfigurationIsVisible = 0;
			defaultConfigurationName = Release;
		};
/* End XCConfigurationList section */
	};
	rootObject = 772B96BC29F2D4C9005D885B /* Project object */;
}
